# THIS IS AN AUTOGENERATED FILE. DO NOT EDIT THIS FILE DIRECTLY.
# yarn lockfile v1


ml-regression-base@^1.0.0:
  version "1.2.0"
  resolved "https://registry.yarnpkg.com/ml-regression-base/-/ml-regression-base-1.2.0.tgz#e8c58c12b649d845ecb13e0c246ad1be6e57cc1c"
  integrity sha1-6MWMErZJ2EXssT4MJGrRvm5XzBw=

ml-regression-simple-linear@^1.0.2:
  version "1.0.2"
  resolved "https://registry.yarnpkg.com/ml-regression-simple-linear/-/ml-regression-simple-linear-1.0.2.tgz#d99fe95be9178c3bf045cc58490b1e62851336af"
  integrity sha1-2Z/pW+kXjDvwRcxYSQseYoUTNq8=
  dependencies:
    ml-regression-base "^1.0.0"
